{
  "nodes": {
    "nixos": {
      "locked": {
        "lastModified": 1734697074,
        "narHash": "sha256-py7TIRTTymzMNOg9m9A/CbPDo20NsjwGFLh/bbwK0bM=",
        "owner": "codgician",
        "repo": "nixpkgs",
        "rev": "67e4045c0656c4e996b2375b59808b03e0310131",
        "type": "github"
      },
      "original": {
        "owner": "codgician",
        "ref": "fix-azure-modules",
        "repo": "nixpkgs",
        "type": "github"
      }
    },
    "root": {
      "inputs": {
        "nixos": "nixos"
      }
    }
  },
  "root": "root",
  "version": 7
}
